
Microsoft Visual Studio Solution File, Format Version 12.00
# Visual Studio Version 17
VisualStudioVersion = 17.9.34728.123
MinimumVisualStudioVersion = 10.0.40219.1
Project("{9A19103F-16F7-4668-BE54-9A1E7A4F7556}") = "MediFinder_Backend", "MediFinder_Backend.csproj", "{EF273537-1D78-4358-AD58-9F650513DB78}"
EndProject
Global
	GlobalSection(SolutionConfigurationPlatforms) = preSolution
		Debug|Any CPU = Debug|Any CPU
		Release|Any CPU = Release|Any CPU
	EndGlobalSection
	GlobalSection(ProjectConfigurationPlatforms) = postSolution
		{EF273537-1D78-4358-AD58-9F650513DB78}.Debug|Any CPU.ActiveCfg = Debug|Any CPU
		{EF273537-1D78-4358-AD58-9F650513DB78}.Debug|Any CPU.Build.0 = Debug|Any CPU
		{EF273537-1D78-4358-AD58-9F650513DB78}.Release|Any CPU.ActiveCfg = Release|Any CPU
		{EF273537-1D78-4358-AD58-9F650513DB78}.Release|Any CPU.Build.0 = Release|Any CPU
	EndGlobalSection
	GlobalSection(SolutionProperties) = preSolution
		HideSolutionNode = FALSE
	EndGlobalSection
	GlobalSection(ExtensibilityGlobals) = postSolution
		SolutionGuid = {CADFCAE5-1BFE-4B0F-AF26-1CFF76DBBFD8}
	EndGlobalSection
EndGlobal
